
Microsoft Visual Studio Solution File, Format Version 12.00
# Visual Studio Version 16
VisualStudioVersion = 16.0.31515.178
MinimumVisualStudioVersion = 10.0.40219.1
Project("{FAE04EC0-301F-11D3-BF4B-00C04F79EFBC}") = "harReducer", "harReducer\harReducer.csproj", "{1D084E3E-7250-499F-988B-DAF2A96CE131}"
EndProject
Global
	GlobalSection(SolutionConfigurationPlatforms) = preSolution
		Debug|Any CPU = Debug|Any CPU
		Release|Any CPU = Release|Any CPU
	EndGlobalSection
	GlobalSection(ProjectConfigurationPlatforms) = postSolution
		{1D084E3E-7250-499F-988B-DAF2A96CE131}.Debug|Any CPU.ActiveCfg = Debug|Any CPU
		{1D084E3E-7250-499F-988B-DAF2A96CE131}.Debug|Any CPU.Build.0 = Debug|Any CPU
		{1D084E3E-7250-499F-988B-DAF2A96CE131}.Release|Any CPU.ActiveCfg = Release|Any CPU
		{1D084E3E-7250-499F-988B-DAF2A96CE131}.Release|Any CPU.Build.0 = Release|Any CPU
	EndGlobalSection
	GlobalSection(SolutionProperties) = preSolution
		HideSolutionNode = FALSE
	EndGlobalSection
	GlobalSection(ExtensibilityGlobals) = postSolution
		SolutionGuid = {44F7A0D2-64F4-4ABE-8B1D-CACCFCFD7F75}
	EndGlobalSection
EndGlobal
